
Microsoft Visual Studio Solution File, Format Version 12.00
# Visual Studio Version 17
VisualStudioVersion = 17.9.34607.119
MinimumVisualStudioVersion = 10.0.40219.1
Project("{8BC9CEB8-8B4A-11D0-8D11-00A0C91BC942}") = "KeyboardDecompiler", "KeyboardDecompiler/KeyboardDecompiler.vcxproj", "{A05881E0-9EAC-4AD4-B2A6-630897FF6BCF}"
EndProject
Global
	GlobalSection(SolutionConfigurationPlatforms) = preSolution
		Debug|x64 = Debug|x64
		Debug|x86 = Debug|x86
		Release|x64 = Release|x64
		Release|x86 = Release|x86
	EndGlobalSection
	GlobalSection(ProjectConfigurationPlatforms) = postSolution
		{A05881E0-9EAC-4AD4-B2A6-630897FF6BCF}.Debug|x64.ActiveCfg = Debug|x64
		{A05881E0-9EAC-4AD4-B2A6-630897FF6BCF}.Debug|x64.Build.0 = Debug|x64
		{A05881E0-9EAC-4AD4-B2A6-630897FF6BCF}.Debug|x86.ActiveCfg = Debug|Win32
		{A05881E0-9EAC-4AD4-B2A6-630897FF6BCF}.Debug|x86.Build.0 = Debug|Win32
		{A05881E0-9EAC-4AD4-B2A6-630897FF6BCF}.Release|x64.ActiveCfg = Release|x64
		{A05881E0-9EAC-4AD4-B2A6-630897FF6BCF}.Release|x64.Build.0 = Release|x64
		{A05881E0-9EAC-4AD4-B2A6-630897FF6BCF}.Release|x86.ActiveCfg = Release|Win32
		{A05881E0-9EAC-4AD4-B2A6-630897FF6BCF}.Release|x86.Build.0 = Release|Win32
	EndGlobalSection
	GlobalSection(SolutionProperties) = preSolution
		HideSolutionNode = FALSE
	EndGlobalSection
	GlobalSection(ExtensibilityGlobals) = postSolution
		SolutionGuid = {4EBC4A24-D40F-47AB-8BC2-22A077C76355}
	EndGlobalSection
EndGlobal
